
Microsoft Visual Studio Solution File, Format Version 12.00
# Visual Studio Version 17
VisualStudioVersion = 17.2.32630.192
MinimumVisualStudioVersion = 10.0.40219.1
Project("{FAE04EC0-301F-11D3-BF4B-00C04F79EFBC}") = "lab2", "lab2.csproj", "{2AEB5C4D-7B87-4663-9379-51E5FB49427D}"
EndProject
Global
	GlobalSection(SolutionConfigurationPlatforms) = preSolution
		Debug|Any CPU = Debug|Any CPU
		Release|Any CPU = Release|Any CPU
	EndGlobalSection
	GlobalSection(ProjectConfigurationPlatforms) = postSolution
		{2AEB5C4D-7B87-4663-9379-51E5FB49427D}.Debug|Any CPU.ActiveCfg = Debug|Any CPU
		{2AEB5C4D-7B87-4663-9379-51E5FB49427D}.Debug|Any CPU.Build.0 = Debug|Any CPU
		{2AEB5C4D-7B87-4663-9379-51E5FB49427D}.Release|Any CPU.ActiveCfg = Release|Any CPU
		{2AEB5C4D-7B87-4663-9379-51E5FB49427D}.Release|Any CPU.Build.0 = Release|Any CPU
	EndGlobalSection
	GlobalSection(SolutionProperties) = preSolution
		HideSolutionNode = FALSE
	EndGlobalSection
	GlobalSection(ExtensibilityGlobals) = postSolution
		SolutionGuid = {CCEAD3E8-D982-4E73-BC5E-58C2B740C2C3}
	EndGlobalSection
EndGlobal
